
Microsoft Visual Studio Solution File, Format Version 12.00
# Visual Studio Version 17
VisualStudioVersion = 17.10.35027.167
MinimumVisualStudioVersion = 10.0.40219.1
Project("{9A19103F-16F7-4668-BE54-9A1E7A4F7556}") = "AutoRouteFinder", "AutoRouteFinder.csproj", "{EE1313FA-A75F-4E50-B0AB-9AA03F716BC8}"
EndProject
Global
	GlobalSection(SolutionConfigurationPlatforms) = preSolution
		Debug|Any CPU = Debug|Any CPU
		Debug|x64 = Debug|x64
		Release|Any CPU = Release|Any CPU
		Release|x64 = Release|x64
	EndGlobalSection
	GlobalSection(ProjectConfigurationPlatforms) = postSolution
		{EE1313FA-A75F-4E50-B0AB-9AA03F716BC8}.Debug|Any CPU.ActiveCfg = Debug|Any CPU
		{EE1313FA-A75F-4E50-B0AB-9AA03F716BC8}.Debug|Any CPU.Build.0 = Debug|Any CPU
		{EE1313FA-A75F-4E50-B0AB-9AA03F716BC8}.Debug|x64.ActiveCfg = Debug|x64
		{EE1313FA-A75F-4E50-B0AB-9AA03F716BC8}.Debug|x64.Build.0 = Debug|x64
		{EE1313FA-A75F-4E50-B0AB-9AA03F716BC8}.Release|Any CPU.ActiveCfg = Release|Any CPU
		{EE1313FA-A75F-4E50-B0AB-9AA03F716BC8}.Release|Any CPU.Build.0 = Release|Any CPU
		{EE1313FA-A75F-4E50-B0AB-9AA03F716BC8}.Release|x64.ActiveCfg = Release|x64
		{EE1313FA-A75F-4E50-B0AB-9AA03F716BC8}.Release|x64.Build.0 = Release|x64
	EndGlobalSection
	GlobalSection(SolutionProperties) = preSolution
		HideSolutionNode = FALSE
	EndGlobalSection
	GlobalSection(ExtensibilityGlobals) = postSolution
		SolutionGuid = {083C85AE-2388-4D9D-85C2-4D3D9873167A}
	EndGlobalSection
EndGlobal
