
Microsoft Visual Studio Solution File, Format Version 12.00
# Visual Studio Version 17
VisualStudioVersion = 17.14.36221.1
MinimumVisualStudioVersion = 10.0.40219.1
Project("{FAE04EC0-301F-11D3-BF4B-00C04F79EFBC}") = "VectorDBGen", "VectorDBGen.csproj", "{A2E91D74-9D3F-4B0E-91A4-2E5E18B6C7F1}"
EndProject
Global
	GlobalSection(SolutionConfigurationPlatforms) = preSolution
		Debug|Any CPU = Debug|Any CPU
		Debug|x64 = Debug|x64
		Release|Any CPU = Release|Any CPU
		Release|x64 = Release|x64
	EndGlobalSection
	GlobalSection(ProjectConfigurationPlatforms) = postSolution
		{A2E91D74-9D3F-4B0E-91A4-2E5E18B6C7F1}.Debug|Any CPU.ActiveCfg = Debug|Any CPU
		{A2E91D74-9D3F-4B0E-91A4-2E5E18B6C7F1}.Debug|Any CPU.Build.0 = Debug|Any CPU
		{A2E91D74-9D3F-4B0E-91A4-2E5E18B6C7F1}.Debug|x64.ActiveCfg = Debug|x64
		{A2E91D74-9D3F-4B0E-91A4-2E5E18B6C7F1}.Debug|x64.Build.0 = Debug|x64
		{A2E91D74-9D3F-4B0E-91A4-2E5E18B6C7F1}.Release|Any CPU.ActiveCfg = Release|Any CPU
		{A2E91D74-9D3F-4B0E-91A4-2E5E18B6C7F1}.Release|Any CPU.Build.0 = Release|Any CPU
		{A2E91D74-9D3F-4B0E-91A4-2E5E18B6C7F1}.Release|x64.ActiveCfg = Release|x64
		{A2E91D74-9D3F-4B0E-91A4-2E5E18B6C7F1}.Release|x64.Build.0 = Release|x64
	EndGlobalSection
	GlobalSection(SolutionProperties) = preSolution
		HideSolutionNode = FALSE
	EndGlobalSection
	GlobalSection(ExtensibilityGlobals) = postSolution
		SolutionGuid = {3B7F1C4D-2A8E-4C9F-9E0A-B7D5E1F8A2C3}
	EndGlobalSection
EndGlobal
