
Microsoft Visual Studio Solution File, Format Version 12.00
# Visual Studio Version 17
VisualStudioVersion = 17.14.36221.1
MinimumVisualStudioVersion = 10.0.40219.1
Project("{FAE04EC0-301F-11D3-BF4B-00C04F79EFBC}") = "TopKSearchStandalone", "TopKSearchStandalone.csproj", "{95334331-B568-E75E-91D8-6798DD038A5D}"
EndProject
Global
	GlobalSection(SolutionConfigurationPlatforms) = preSolution
		Debug|Any CPU = Debug|Any CPU
		Debug|x64 = Debug|x64
		Release|Any CPU = Release|Any CPU
		Release|x64 = Release|x64
	EndGlobalSection
	GlobalSection(ProjectConfigurationPlatforms) = postSolution
		{95334331-B568-E75E-91D8-6798DD038A5D}.Debug|Any CPU.ActiveCfg = Debug|Any CPU
		{95334331-B568-E75E-91D8-6798DD038A5D}.Debug|Any CPU.Build.0 = Debug|Any CPU
		{95334331-B568-E75E-91D8-6798DD038A5D}.Debug|x64.ActiveCfg = Debug|x64
		{95334331-B568-E75E-91D8-6798DD038A5D}.Debug|x64.Build.0 = Debug|x64
		{95334331-B568-E75E-91D8-6798DD038A5D}.Release|Any CPU.ActiveCfg = Release|Any CPU
		{95334331-B568-E75E-91D8-6798DD038A5D}.Release|Any CPU.Build.0 = Release|Any CPU
		{95334331-B568-E75E-91D8-6798DD038A5D}.Release|x64.ActiveCfg = Release|x64
		{95334331-B568-E75E-91D8-6798DD038A5D}.Release|x64.Build.0 = Release|x64
	EndGlobalSection
	GlobalSection(SolutionProperties) = preSolution
		HideSolutionNode = FALSE
	EndGlobalSection
	GlobalSection(ExtensibilityGlobals) = postSolution
		SolutionGuid = {F7C8BE0A-9BF3-4D9E-ADCA-CD5DFB4862D8}
	EndGlobalSection
EndGlobal
